// !$*UTF8*$!
{
	archiveVersion = 1;
	classes = {
	};
	objectVersion = 56;
	objects = {

/* Begin PBXBuildFile section */
		F4D8784E28E2F5AC0015F3C7 /* ActivityKit_DemoApp.swift in Sources */ = {isa = PBXBuildFile; fileRef = F4D8784D28E2F5AC0015F3C7 /* ActivityKit_DemoApp.swift */; };
		F4D8785028E2F5AC0015F3C7 /* ContentView.swift in Sources */ = {isa = PBXBuildFile; fileRef = F4D8784F28E2F5AC0015F3C7 /* ContentView.swift */; };
		F4D8785228E2F5AE0015F3C7 /* Assets.xcassets in Resources */ = {isa = PBXBuildFile; fileRef = F4D8785128E2F5AE0015F3C7 /* Assets.xcassets */; };
		F4D8785528E2F5AE0015F3C7 /* Preview Assets.xcassets in Resources */ = {isa = PBXBuildFile; fileRef = F4D8785428E2F5AE0015F3C7 /* Preview Assets.xcassets */; };
		F4D8786228E2F8F40015F3C7 /* WidgetKit.framework in Frameworks */ = {isa = PBXBuildFile; fileRef = F4D8786128E2F8F40015F3C7 /* WidgetKit.framework */; };
		F4D8786428E2F8F40015F3C7 /* SwiftUI.framework in Frameworks */ = {isa = PBXBuildFile; fileRef = F4D8786328E2F8F40015F3C7 /* SwiftUI.framework */; };
		F4D8786728E2F8F40015F3C7 /* ActivityKit_Demo_WidgetExtension.swift in Sources */ = {isa = PBXBuildFile; fileRef = F4D8786628E2F8F40015F3C7 /* ActivityKit_Demo_WidgetExtension.swift */; };
		F4D8786A28E2F8F60015F3C7 /* Assets.xcassets in Resources */ = {isa = PBXBuildFile; fileRef = F4D8786928E2F8F60015F3C7 /* Assets.xcassets */; };
		F4D8787028E2F8F60015F3C7 /* ActivityKit-Demo-WidgetExtensionExtension.appex in Embed Foundation Extensions */ = {isa = PBXBuildFile; fileRef = F4D8785F28E2F8F40015F3C7 /* ActivityKit-Demo-WidgetExtensionExtension.appex */; settings = {ATTRIBUTES = (RemoveHeadersOnCopy, ); }; };
		F4D8787628E2F9140015F3C7 /* ActivityKit.framework in Frameworks */ = {isa = PBXBuildFile; fileRef = F4D8787528E2F9130015F3C7 /* ActivityKit.framework */; };
		F4D8788528E2FF990015F3C7 /* Result.swift in Sources */ = {isa = PBXBuildFile; fileRef = F4D8788428E2FF990015F3C7 /* Result.swift */; };
		F4D8788828E2FFB60015F3C7 /* APIServiceProtocol.swift in Sources */ = {isa = PBXBuildFile; fileRef = F4D8788728E2FFB60015F3C7 /* APIServiceProtocol.swift */; };
		F4D8788D28E3003F0015F3C7 /* APIService.swift in Sources */ = {isa = PBXBuildFile; fileRef = F4D8788C28E3003F0015F3C7 /* APIService.swift */; };
		F4D8788F28E3018F0015F3C7 /* LiveScoreViewModel.swift in Sources */ = {isa = PBXBuildFile; fileRef = F4D8788E28E3018F0015F3C7 /* LiveScoreViewModel.swift */; };
		F4D8789128E303C10015F3C7 /* Match.swift in Sources */ = {isa = PBXBuildFile; fileRef = F4D8789028E303C10015F3C7 /* Match.swift */; };
		F4D8789328E3079F0015F3C7 /* ErrorView.swift in Sources */ = {isa = PBXBuildFile; fileRef = F4D8789228E3079F0015F3C7 /* ErrorView.swift */; };
		F4D8789528E308A00015F3C7 /* MatchAttributes.swift in Sources */ = {isa = PBXBuildFile; fileRef = F4D8789428E308A00015F3C7 /* MatchAttributes.swift */; };
		F4D8789628E3DABE0015F3C7 /* MatchAttributes.swift in Sources */ = {isa = PBXBuildFile; fileRef = F4D8789428E308A00015F3C7 /* MatchAttributes.swift */; };
		F4D8789928E4053D0015F3C7 /* LoadingView.swift in Sources */ = {isa = PBXBuildFile; fileRef = F4D8789828E4053D0015F3C7 /* LoadingView.swift */; };
/* End PBXBuildFile section */

/* Begin PBXContainerItemProxy section */
		F4D8786E28E2F8F60015F3C7 /* PBXContainerItemProxy */ = {
			isa = PBXContainerItemProxy;
			containerPortal = F4D8784228E2F5AC0015F3C7 /* Project object */;
			proxyType = 1;
			remoteGlobalIDString = F4D8785E28E2F8F40015F3C7;
			remoteInfo = "ActivityKit-Demo-WidgetExtensionExtension";
		};
/* End PBXContainerItemProxy section */

/* Begin PBXCopyFilesBuildPhase section */
		F4D8787428E2F8F60015F3C7 /* Embed Foundation Extensions */ = {
			isa = PBXCopyFilesBuildPhase;
			buildActionMask = 2147483647;
			dstPath = "";
			dstSubfolderSpec = 13;
			files = (
				F4D8787028E2F8F60015F3C7 /* ActivityKit-Demo-WidgetExtensionExtension.appex in Embed Foundation Extensions */,
			);
			name = "Embed Foundation Extensions";
			runOnlyForDeploymentPostprocessing = 0;
		};
/* End PBXCopyFilesBuildPhase section */

/* Begin PBXFileReference section */
		F4D8784A28E2F5AC0015F3C7 /* ActivityKit-Demo.app */ = {isa = PBXFileReference; explicitFileType = wrapper.application; includeInIndex = 0; path = "ActivityKit-Demo.app"; sourceTree = BUILT_PRODUCTS_DIR; };
		F4D8784D28E2F5AC0015F3C7 /* ActivityKit_DemoApp.swift */ = {isa = PBXFileReference; lastKnownFileType = sourcecode.swift; path = ActivityKit_DemoApp.swift; sourceTree = "<group>"; };
		F4D8784F28E2F5AC0015F3C7 /* ContentView.swift */ = {isa = PBXFileReference; lastKnownFileType = sourcecode.swift; path = ContentView.swift; sourceTree = "<group>"; };
		F4D8785128E2F5AE0015F3C7 /* Assets.xcassets */ = {isa = PBXFileReference; lastKnownFileType = folder.assetcatalog; path = Assets.xcassets; sourceTree = "<group>"; };
		F4D8785428E2F5AE0015F3C7 /* Preview Assets.xcassets */ = {isa = PBXFileReference; lastKnownFileType = folder.assetcatalog; path = "Preview Assets.xcassets"; sourceTree = "<group>"; };
		F4D8785F28E2F8F40015F3C7 /* ActivityKit-Demo-WidgetExtensionExtension.appex */ = {isa = PBXFileReference; explicitFileType = "wrapper.app-extension"; includeInIndex = 0; path = "ActivityKit-Demo-WidgetExtensionExtension.appex"; sourceTree = BUILT_PRODUCTS_DIR; };
		F4D8786128E2F8F40015F3C7 /* WidgetKit.framework */ = {isa = PBXFileReference; lastKnownFileType = wrapper.framework; name = WidgetKit.framework; path = System/Library/Frameworks/WidgetKit.framework; sourceTree = SDKROOT; };
		F4D8786328E2F8F40015F3C7 /* SwiftUI.framework */ = {isa = PBXFileReference; lastKnownFileType = wrapper.framework; name = SwiftUI.framework; path = System/Library/Frameworks/SwiftUI.framework; sourceTree = SDKROOT; };
		F4D8786628E2F8F40015F3C7 /* ActivityKit_Demo_WidgetExtension.swift */ = {isa = PBXFileReference; lastKnownFileType = sourcecode.swift; path = ActivityKit_Demo_WidgetExtension.swift; sourceTree = "<group>"; };
		F4D8786928E2F8F60015F3C7 /* Assets.xcassets */ = {isa = PBXFileReference; lastKnownFileType = folder.assetcatalog; path = Assets.xcassets; sourceTree = "<group>"; };
		F4D8786B28E2F8F60015F3C7 /* Info.plist */ = {isa = PBXFileReference; lastKnownFileType = text.plist.xml; path = Info.plist; sourceTree = "<group>"; };
		F4D8787528E2F9130015F3C7 /* ActivityKit.framework */ = {isa = PBXFileReference; lastKnownFileType = wrapper.framework; name = ActivityKit.framework; path = System/Library/Frameworks/ActivityKit.framework; sourceTree = SDKROOT; };
		F4D8787728E2F9430015F3C7 /* ActivityKit-Demo.entitlements */ = {isa = PBXFileReference; lastKnownFileType = text.plist.entitlements; path = "ActivityKit-Demo.entitlements"; sourceTree = "<group>"; };
		F4D8787828E2F9840015F3C7 /* ActivityKit-Demo-WidgetExtensionExtension.entitlements */ = {isa = PBXFileReference; lastKnownFileType = text.plist.entitlements; path = "ActivityKit-Demo-WidgetExtensionExtension.entitlements"; sourceTree = "<group>"; };
		F4D8788428E2FF990015F3C7 /* Result.swift */ = {isa = PBXFileReference; fileEncoding = 4; lastKnownFileType = sourcecode.swift; path = Result.swift; sourceTree = "<group>"; };
		F4D8788728E2FFB60015F3C7 /* APIServiceProtocol.swift */ = {isa = PBXFileReference; lastKnownFileType = sourcecode.swift; path = APIServiceProtocol.swift; sourceTree = "<group>"; };
		F4D8788C28E3003F0015F3C7 /* APIService.swift */ = {isa = PBXFileReference; lastKnownFileType = sourcecode.swift; path = APIService.swift; sourceTree = "<group>"; };
		F4D8788E28E3018F0015F3C7 /* LiveScoreViewModel.swift */ = {isa = PBXFileReference; lastKnownFileType = sourcecode.swift; path = LiveScoreViewModel.swift; sourceTree = "<group>"; };
		F4D8789028E303C10015F3C7 /* Match.swift */ = {isa = PBXFileReference; lastKnownFileType = sourcecode.swift; path = Match.swift; sourceTree = "<group>"; };
		F4D8789228E3079F0015F3C7 /* ErrorView.swift */ = {isa = PBXFileReference; lastKnownFileType = sourcecode.swift; path = ErrorView.swift; sourceTree = "<group>"; };
		F4D8789428E308A00015F3C7 /* MatchAttributes.swift */ = {isa = PBXFileReference; lastKnownFileType = sourcecode.swift; path = MatchAttributes.swift; sourceTree = "<group>"; };
		F4D8789728E3E0B00015F3C7 /* Info.plist */ = {isa = PBXFileReference; lastKnownFileType = text.plist; path = Info.plist; sourceTree = "<group>"; };
		F4D8789828E4053D0015F3C7 /* LoadingView.swift */ = {isa = PBXFileReference; lastKnownFileType = sourcecode.swift; path = LoadingView.swift; sourceTree = "<group>"; };
/* End PBXFileReference section */

/* Begin PBXFrameworksBuildPhase section */
		F4D8784728E2F5AC0015F3C7 /* Frameworks */ = {
			isa = PBXFrameworksBuildPhase;
			buildActionMask = 2147483647;
			files = (
				F4D8787628E2F9140015F3C7 /* ActivityKit.framework in Frameworks */,
			);
			runOnlyForDeploymentPostprocessing = 0;
		};
		F4D8785C28E2F8F40015F3C7 /* Frameworks */ = {
			isa = PBXFrameworksBuildPhase;
			buildActionMask = 2147483647;
			files = (
				F4D8786428E2F8F40015F3C7 /* SwiftUI.framework in Frameworks */,
				F4D8786228E2F8F40015F3C7 /* WidgetKit.framework in Frameworks */,
			);
			runOnlyForDeploymentPostprocessing = 0;
		};
/* End PBXFrameworksBuildPhase section */

/* Begin PBXGroup section */
		F4D8784128E2F5AC0015F3C7 = {
			isa = PBXGroup;
			children = (
				F4D8787828E2F9840015F3C7 /* ActivityKit-Demo-WidgetExtensionExtension.entitlements */,
				F4D8784C28E2F5AC0015F3C7 /* ActivityKit-Demo */,
				F4D8786528E2F8F40015F3C7 /* ActivityKit-Demo-WidgetExtension */,
				F4D8786028E2F8F40015F3C7 /* Frameworks */,
				F4D8784B28E2F5AC0015F3C7 /* Products */,
			);
			sourceTree = "<group>";
		};
		F4D8784B28E2F5AC0015F3C7 /* Products */ = {
			isa = PBXGroup;
			children = (
				F4D8784A28E2F5AC0015F3C7 /* ActivityKit-Demo.app */,
				F4D8785F28E2F8F40015F3C7 /* ActivityKit-Demo-WidgetExtensionExtension.appex */,
			);
			name = Products;
			sourceTree = "<group>";
		};
		F4D8784C28E2F5AC0015F3C7 /* ActivityKit-Demo */ = {
			isa = PBXGroup;
			children = (
				F4D8789728E3E0B00015F3C7 /* Info.plist */,
				F4D8788928E2FFCB0015F3C7 /* Models */,
				F4D8787A28E2FA7C0015F3C7 /* Common */,
				F4D8787928E2FA770015F3C7 /* Views */,
				F4D8784F28E2F5AC0015F3C7 /* ContentView.swift */,
				F4D8789A28E544810015F3C7 /* ViewModels */,
				F4D8787728E2F9430015F3C7 /* ActivityKit-Demo.entitlements */,
				F4D8784D28E2F5AC0015F3C7 /* ActivityKit_DemoApp.swift */,
				F4D8785128E2F5AE0015F3C7 /* Assets.xcassets */,
				F4D8785328E2F5AE0015F3C7 /* Preview Content */,
			);
			path = "ActivityKit-Demo";
			sourceTree = "<group>";
		};
		F4D8785328E2F5AE0015F3C7 /* Preview Content */ = {
			isa = PBXGroup;
			children = (
				F4D8785428E2F5AE0015F3C7 /* Preview Assets.xcassets */,
			);
			path = "Preview Content";
			sourceTree = "<group>";
		};
		F4D8786028E2F8F40015F3C7 /* Frameworks */ = {
			isa = PBXGroup;
			children = (
				F4D8787528E2F9130015F3C7 /* ActivityKit.framework */,
				F4D8786128E2F8F40015F3C7 /* WidgetKit.framework */,
				F4D8786328E2F8F40015F3C7 /* SwiftUI.framework */,
			);
			name = Frameworks;
			sourceTree = "<group>";
		};
		F4D8786528E2F8F40015F3C7 /* ActivityKit-Demo-WidgetExtension */ = {
			isa = PBXGroup;
			children = (
				F4D8786628E2F8F40015F3C7 /* ActivityKit_Demo_WidgetExtension.swift */,
				F4D8786928E2F8F60015F3C7 /* Assets.xcassets */,
				F4D8786B28E2F8F60015F3C7 /* Info.plist */,
			);
			path = "ActivityKit-Demo-WidgetExtension";
			sourceTree = "<group>";
		};
		F4D8787928E2FA770015F3C7 /* Views */ = {
			isa = PBXGroup;
			children = (
				F4D8789B28E544960015F3C7 /* CustomViews */,
			);
			path = Views;
			sourceTree = "<group>";
		};
		F4D8787A28E2FA7C0015F3C7 /* Common */ = {
			isa = PBXGroup;
			children = (
				F4D8787B28E2FED20015F3C7 /* Networking */,
			);
			path = Common;
			sourceTree = "<group>";
		};
		F4D8787B28E2FED20015F3C7 /* Networking */ = {
			isa = PBXGroup;
			children = (
				F4D8788428E2FF990015F3C7 /* Result.swift */,
				F4D8788728E2FFB60015F3C7 /* APIServiceProtocol.swift */,
				F4D8788C28E3003F0015F3C7 /* APIService.swift */,
			);
			path = Networking;
			sourceTree = "<group>";
		};
		F4D8788928E2FFCB0015F3C7 /* Models */ = {
			isa = PBXGroup;
			children = (
				F4D8789028E303C10015F3C7 /* Match.swift */,
				F4D8789428E308A00015F3C7 /* MatchAttributes.swift */,
			);
			path = Models;
			sourceTree = "<group>";
		};
		F4D8789A28E544810015F3C7 /* ViewModels */ = {
			isa = PBXGroup;
			children = (
				F4D8788E28E3018F0015F3C7 /* LiveScoreViewModel.swift */,
			);
			path = ViewModels;
			sourceTree = "<group>";
		};
		F4D8789B28E544960015F3C7 /* CustomViews */ = {
			isa = PBXGroup;
			children = (
				F4D8789228E3079F0015F3C7 /* ErrorView.swift */,
				F4D8789828E4053D0015F3C7 /* LoadingView.swift */,
			);
			path = CustomViews;
			sourceTree = "<group>";
		};
/* End PBXGroup section */

/* Begin PBXNativeTarget section */
		F4D8784928E2F5AC0015F3C7 /* ActivityKit-Demo */ = {
			isa = PBXNativeTarget;
			buildConfigurationList = F4D8785828E2F5AE0015F3C7 /* Build configuration list for PBXNativeTarget "ActivityKit-Demo" */;
			buildPhases = (
				F4D8784628E2F5AC0015F3C7 /* Sources */,
				F4D8784728E2F5AC0015F3C7 /* Frameworks */,
				F4D8784828E2F5AC0015F3C7 /* Resources */,
				F4D8787428E2F8F60015F3C7 /* Embed Foundation Extensions */,
			);
			buildRules = (
			);
			dependencies = (
				F4D8786F28E2F8F60015F3C7 /* PBXTargetDependency */,
			);
			name = "ActivityKit-Demo";
			productName = "ActivityKit-Demo";
			productReference = F4D8784A28E2F5AC0015F3C7 /* ActivityKit-Demo.app */;
			productType = "com.apple.product-type.application";
		};
		F4D8785E28E2F8F40015F3C7 /* ActivityKit-Demo-WidgetExtensionExtension */ = {
			isa = PBXNativeTarget;
			buildConfigurationList = F4D8787128E2F8F60015F3C7 /* Build configuration list for PBXNativeTarget "ActivityKit-Demo-WidgetExtensionExtension" */;
			buildPhases = (
				F4D8785B28E2F8F40015F3C7 /* Sources */,
				F4D8785C28E2F8F40015F3C7 /* Frameworks */,
				F4D8785D28E2F8F40015F3C7 /* Resources */,
			);
			buildRules = (
			);
			dependencies = (
			);
			name = "ActivityKit-Demo-WidgetExtensionExtension";
			productName = "ActivityKit-Demo-WidgetExtensionExtension";
			productReference = F4D8785F28E2F8F40015F3C7 /* ActivityKit-Demo-WidgetExtensionExtension.appex */;
			productType = "com.apple.product-type.app-extension";
		};
/* End PBXNativeTarget section */

/* Begin PBXProject section */
		F4D8784228E2F5AC0015F3C7 /* Project object */ = {
			isa = PBXProject;
			attributes = {
				BuildIndependentTargetsInParallel = 1;
				LastSwiftUpdateCheck = 1410;
				LastUpgradeCheck = 1410;
				TargetAttributes = {
					F4D8784928E2F5AC0015F3C7 = {
						CreatedOnToolsVersion = 14.1;
					};
					F4D8785E28E2F8F40015F3C7 = {
						CreatedOnToolsVersion = 14.1;
					};
				};
			};
			buildConfigurationList = F4D8784528E2F5AC0015F3C7 /* Build configuration list for PBXProject "ActivityKit-Demo" */;
			compatibilityVersion = "Xcode 14.0";
			developmentRegion = en;
			hasScannedForEncodings = 0;
			knownRegions = (
				en,
				Base,
			);
			mainGroup = F4D8784128E2F5AC0015F3C7;
			productRefGroup = F4D8784B28E2F5AC0015F3C7 /* Products */;
			projectDirPath = "";
			projectRoot = "";
			targets = (
				F4D8784928E2F5AC0015F3C7 /* ActivityKit-Demo */,
				F4D8785E28E2F8F40015F3C7 /* ActivityKit-Demo-WidgetExtensionExtension */,
			);
		};
/* End PBXProject section */

/* Begin PBXResourcesBuildPhase section */
		F4D8784828E2F5AC0015F3C7 /* Resources */ = {
			isa = PBXResourcesBuildPhase;
			buildActionMask = 2147483647;
			files = (
				F4D8785528E2F5AE0015F3C7 /* Preview Assets.xcassets in Resources */,
				F4D8785228E2F5AE0015F3C7 /* Assets.xcassets in Resources */,
			);
			runOnlyForDeploymentPostprocessing = 0;
		};
		F4D8785D28E2F8F40015F3C7 /* Resources */ = {
			isa = PBXResourcesBuildPhase;
			buildActionMask = 2147483647;
			files = (
				F4D8786A28E2F8F60015F3C7 /* Assets.xcassets in Resources */,
			);
			runOnlyForDeploymentPostprocessing = 0;
		};
/* End PBXResourcesBuildPhase section */

/* Begin PBXSourcesBuildPhase section */
		F4D8784628E2F5AC0015F3C7 /* Sources */ = {
			isa = PBXSourcesBuildPhase;
			buildActionMask = 2147483647;
			files = (
				F4D8788F28E3018F0015F3C7 /* LiveScoreViewModel.swift in Sources */,
				F4D8789128E303C10015F3C7 /* Match.swift in Sources */,
				F4D8788D28E3003F0015F3C7 /* APIService.swift in Sources */,
				F4D8789928E4053D0015F3C7 /* LoadingView.swift in Sources */,
				F4D8785028E2F5AC0015F3C7 /* ContentView.swift in Sources */,
				F4D8789528E308A00015F3C7 /* MatchAttributes.swift in Sources */,
				F4D8784E28E2F5AC0015F3C7 /* ActivityKit_DemoApp.swift in Sources */,
				F4D8788528E2FF990015F3C7 /* Result.swift in Sources */,
				F4D8788828E2FFB60015F3C7 /* APIServiceProtocol.swift in Sources */,
				F4D8789328E3079F0015F3C7 /* ErrorView.swift in Sources */,
			);
			runOnlyForDeploymentPostprocessing = 0;
		};
		F4D8785B28E2F8F40015F3C7 /* Sources */ = {
			isa = PBXSourcesBuildPhase;
			buildActionMask = 2147483647;
			files = (
				F4D8789628E3DABE0015F3C7 /* MatchAttributes.swift in Sources */,
				F4D8786728E2F8F40015F3C7 /* ActivityKit_Demo_WidgetExtension.swift in Sources */,
			);
			runOnlyForDeploymentPostprocessing = 0;
		};
/* End PBXSourcesBuildPhase section */

/* Begin PBXTargetDependency section */
		F4D8786F28E2F8F60015F3C7 /* PBXTargetDependency */ = {
			isa = PBXTargetDependency;
			target = F4D8785E28E2F8F40015F3C7 /* ActivityKit-Demo-WidgetExtensionExtension */;
			targetProxy = F4D8786E28E2F8F60015F3C7 /* PBXContainerItemProxy */;
		};
/* End PBXTargetDependency section */

/* Begin XCBuildConfiguration section */
		F4D8785628E2F5AE0015F3C7 /* Debug */ = {
			isa = XCBuildConfiguration;
			buildSettings = {
				ALWAYS_SEARCH_USER_PATHS = NO;
				CLANG_ANALYZER_NONNULL = YES;
				CLANG_ANALYZER_NUMBER_OBJECT_CONVERSION = YES_AGGRESSIVE;
				CLANG_CXX_LANGUAGE_STANDARD = "gnu++20";
				CLANG_ENABLE_MODULES = YES;
				CLANG_ENABLE_OBJC_ARC = YES;
				CLANG_ENABLE_OBJC_WEAK = YES;
				CLANG_WARN_BLOCK_CAPTURE_AUTORELEASING = YES;
				CLANG_WARN_BOOL_CONVERSION = YES;
				CLANG_WARN_COMMA = YES;
				CLANG_WARN_CONSTANT_CONVERSION = YES;
				CLANG_WARN_DEPRECATED_OBJC_IMPLEMENTATIONS = YES;
				CLANG_WARN_DIRECT_OBJC_ISA_USAGE = YES_ERROR;
				CLANG_WARN_DOCUMENTATION_COMMENTS = YES;
				CLANG_WARN_EMPTY_BODY = YES;
				CLANG_WARN_ENUM_CONVERSION = YES;
				CLANG_WARN_INFINITE_RECURSION = YES;
				CLANG_WARN_INT_CONVERSION = YES;
				CLANG_WARN_NON_LITERAL_NULL_CONVERSION = YES;
				CLANG_WARN_OBJC_IMPLICIT_RETAIN_SELF = YES;
				CLANG_WARN_OBJC_LITERAL_CONVERSION = YES;
				CLANG_WARN_OBJC_ROOT_CLASS = YES_ERROR;
				CLANG_WARN_QUOTED_INCLUDE_IN_FRAMEWORK_HEADER = YES;
				CLANG_WARN_RANGE_LOOP_ANALYSIS = YES;
				CLANG_WARN_STRICT_PROTOTYPES = YES;
				CLANG_WARN_SUSPICIOUS_MOVE = YES;
				CLANG_WARN_UNGUARDED_AVAILABILITY = YES_AGGRESSIVE;
				CLANG_WARN_UNREACHABLE_CODE = YES;
				CLANG_WARN__DUPLICATE_METHOD_MATCH = YES;
				COPY_PHASE_STRIP = NO;
				DEBUG_INFORMATION_FORMAT = dwarf;
				ENABLE_STRICT_OBJC_MSGSEND = YES;
				ENABLE_TESTABILITY = YES;
				GCC_C_LANGUAGE_STANDARD = gnu11;
				GCC_DYNAMIC_NO_PIC = NO;
				GCC_NO_COMMON_BLOCKS = YES;
				GCC_OPTIMIZATION_LEVEL = 0;
				GCC_PREPROCESSOR_DEFINITIONS = (
					"DEBUG=1",
					"$(inherited)",
				);
				GCC_WARN_64_TO_32_BIT_CONVERSION = YES;
				GCC_WARN_ABOUT_RETURN_TYPE = YES_ERROR;
				GCC_WARN_UNDECLARED_SELECTOR = YES;
				GCC_WARN_UNINITIALIZED_AUTOS = YES_AGGRESSIVE;
				GCC_WARN_UNUSED_FUNCTION = YES;
				GCC_WARN_UNUSED_VARIABLE = YES;
				IPHONEOS_DEPLOYMENT_TARGET = 16.1;
				MTL_ENABLE_DEBUG_INFO = INCLUDE_SOURCE;
				MTL_FAST_MATH = YES;
				ONLY_ACTIVE_ARCH = YES;
				SDKROOT = iphoneos;
				SWIFT_ACTIVE_COMPILATION_CONDITIONS = DEBUG;
				SWIFT_OPTIMIZATION_LEVEL = "-Onone";
			};
			name = Debug;
		};
		F4D8785728E2F5AE0015F3C7 /* Release */ = {
			isa = XCBuildConfiguration;
			buildSettings = {
				ALWAYS_SEARCH_USER_PATHS = NO;
				CLANG_ANALYZER_NONNULL = YES;
				CLANG_ANALYZER_NUMBER_OBJECT_CONVERSION = YES_AGGRESSIVE;
				CLANG_CXX_LANGUAGE_STANDARD = "gnu++20";
				CLANG_ENABLE_MODULES = YES;
				CLANG_ENABLE_OBJC_ARC = YES;
				CLANG_ENABLE_OBJC_WEAK = YES;
				CLANG_WARN_BLOCK_CAPTURE_AUTORELEASING = YES;
				CLANG_WARN_BOOL_CONVERSION = YES;
				CLANG_WARN_COMMA = YES;
				CLANG_WARN_CONSTANT_CONVERSION = YES;
				CLANG_WARN_DEPRECATED_OBJC_IMPLEMENTATIONS = YES;
				CLANG_WARN_DIRECT_OBJC_ISA_USAGE = YES_ERROR;
				CLANG_WARN_DOCUMENTATION_COMMENTS = YES;
				CLANG_WARN_EMPTY_BODY = YES;
				CLANG_WARN_ENUM_CONVERSION = YES;
				CLANG_WARN_INFINITE_RECURSION = YES;
				CLANG_WARN_INT_CONVERSION = YES;
				CLANG_WARN_NON_LITERAL_NULL_CONVERSION = YES;
				CLANG_WARN_OBJC_IMPLICIT_RETAIN_SELF = YES;
				CLANG_WARN_OBJC_LITERAL_CONVERSION = YES;
				CLANG_WARN_OBJC_ROOT_CLASS = YES_ERROR;
				CLANG_WARN_QUOTED_INCLUDE_IN_FRAMEWORK_HEADER = YES;
				CLANG_WARN_RANGE_LOOP_ANALYSIS = YES;
				CLANG_WARN_STRICT_PROTOTYPES = YES;
				CLANG_WARN_SUSPICIOUS_MOVE = YES;
				CLANG_WARN_UNGUARDED_AVAILABILITY = YES_AGGRESSIVE;
				CLANG_WARN_UNREACHABLE_CODE = YES;
				CLANG_WARN__DUPLICATE_METHOD_MATCH = YES;
				COPY_PHASE_STRIP = NO;
				DEBUG_INFORMATION_FORMAT = "dwarf-with-dsym";
				ENABLE_NS_ASSERTIONS = NO;
				ENABLE_STRICT_OBJC_MSGSEND = YES;
				GCC_C_LANGUAGE_STANDARD = gnu11;
				GCC_NO_COMMON_BLOCKS = YES;
				GCC_WARN_64_TO_32_BIT_CONVERSION = YES;
				GCC_WARN_ABOUT_RETURN_TYPE = YES_ERROR;
				GCC_WARN_UNDECLARED_SELECTOR = YES;
				GCC_WARN_UNINITIALIZED_AUTOS = YES_AGGRESSIVE;
				GCC_WARN_UNUSED_FUNCTION = YES;
				GCC_WARN_UNUSED_VARIABLE = YES;
				IPHONEOS_DEPLOYMENT_TARGET = 16.1;
				MTL_ENABLE_DEBUG_INFO = NO;
				MTL_FAST_MATH = YES;
				SDKROOT = iphoneos;
				SWIFT_COMPILATION_MODE = wholemodule;
				SWIFT_OPTIMIZATION_LEVEL = "-O";
				VALIDATE_PRODUCT = YES;
			};
			name = Release;
		};
		F4D8785928E2F5AE0015F3C7 /* Debug */ = {
			isa = XCBuildConfiguration;
			buildSettings = {
				ALWAYS_EMBED_SWIFT_STANDARD_LIBRARIES = YES;
				ASSETCATALOG_COMPILER_APPICON_NAME = AppIcon;
				ASSETCATALOG_COMPILER_GLOBAL_ACCENT_COLOR_NAME = AccentColor;
				CODE_SIGN_ENTITLEMENTS = "ActivityKit-Demo/ActivityKit-Demo.entitlements";
				CODE_SIGN_STYLE = Automatic;
				CURRENT_PROJECT_VERSION = 1;
				DEVELOPMENT_ASSET_PATHS = "\"ActivityKit-Demo/Preview Content\"";
				DEVELOPMENT_TEAM = UQP7R3PBUL;
				ENABLE_PREVIEWS = YES;
				GENERATE_INFOPLIST_FILE = YES;
				INFOPLIST_FILE = "ActivityKit-Demo/Info.plist";
				INFOPLIST_KEY_UIApplicationSceneManifest_Generation = YES;
				INFOPLIST_KEY_UIApplicationSupportsIndirectInputEvents = YES;
				INFOPLIST_KEY_UILaunchScreen_Generation = YES;
				INFOPLIST_KEY_UISupportedInterfaceOrientations_iPad = "UIInterfaceOrientationPortrait UIInterfaceOrientationPortraitUpsideDown UIInterfaceOrientationLandscapeLeft UIInterfaceOrientationLandscapeRight";
				INFOPLIST_KEY_UISupportedInterfaceOrientations_iPhone = "UIInterfaceOrientationPortrait UIInterfaceOrientationLandscapeLeft UIInterfaceOrientationLandscapeRight";
				LD_RUNPATH_SEARCH_PATHS = (
					"$(inherited)",
					"@executable_path/Frameworks",
				);
				MARKETING_VERSION = 1.0;
				PRODUCT_BUNDLE_IDENTIFIER = "com.example.ActivityKit-Demo";
				PRODUCT_NAME = "$(TARGET_NAME)";
				SWIFT_EMIT_LOC_STRINGS = YES;
				SWIFT_VERSION = 5.0;
				TARGETED_DEVICE_FAMILY = "1,2";
			};
			name = Debug;
		};
		F4D8785A28E2F5AE0015F3C7 /* Release */ = {
			isa = XCBuildConfiguration;
			buildSettings = {
				ALWAYS_EMBED_SWIFT_STANDARD_LIBRARIES = YES;
				ASSETCATALOG_COMPILER_APPICON_NAME = AppIcon;
				ASSETCATALOG_COMPILER_GLOBAL_ACCENT_COLOR_NAME = AccentColor;
				CODE_SIGN_ENTITLEMENTS = "ActivityKit-Demo/ActivityKit-Demo.entitlements";
				CODE_SIGN_STYLE = Automatic;
				CURRENT_PROJECT_VERSION = 1;
				DEVELOPMENT_ASSET_PATHS = "\"ActivityKit-Demo/Preview Content\"";
				DEVELOPMENT_TEAM = UQP7R3PBUL;
				ENABLE_PREVIEWS = YES;
				GENERATE_INFOPLIST_FILE = YES;
				INFOPLIST_FILE = "ActivityKit-Demo/Info.plist";
				INFOPLIST_KEY_UIApplicationSceneManifest_Generation = YES;
				INFOPLIST_KEY_UIApplicationSupportsIndirectInputEvents = YES;
				INFOPLIST_KEY_UILaunchScreen_Generation = YES;
				INFOPLIST_KEY_UISupportedInterfaceOrientations_iPad = "UIInterfaceOrientationPortrait UIInterfaceOrientationPortraitUpsideDown UIInterfaceOrientationLandscapeLeft UIInterfaceOrientationLandscapeRight";
				INFOPLIST_KEY_UISupportedInterfaceOrientations_iPhone = "UIInterfaceOrientationPortrait UIInterfaceOrientationLandscapeLeft UIInterfaceOrientationLandscapeRight";
				LD_RUNPATH_SEARCH_PATHS = (
					"$(inherited)",
					"@executable_path/Frameworks",
				);
				MARKETING_VERSION = 1.0;
				PRODUCT_BUNDLE_IDENTIFIER = "com.example.ActivityKit-Demo";
				PRODUCT_NAME = "$(TARGET_NAME)";
				SWIFT_EMIT_LOC_STRINGS = YES;
				SWIFT_VERSION = 5.0;
				TARGETED_DEVICE_FAMILY = "1,2";
			};
			name = Release;
		};
		F4D8787228E2F8F60015F3C7 /* Debug */ = {
			isa = XCBuildConfiguration;
			buildSettings = {
				ASSETCATALOG_COMPILER_GLOBAL_ACCENT_COLOR_NAME = AccentColor;
				ASSETCATALOG_COMPILER_WIDGET_BACKGROUND_COLOR_NAME = WidgetBackground;
				CODE_SIGN_ENTITLEMENTS = "ActivityKit-Demo-WidgetExtensionExtension.entitlements";
				CODE_SIGN_STYLE = Automatic;
				CURRENT_PROJECT_VERSION = 1;
				DEVELOPMENT_TEAM = UQP7R3PBUL;
				GENERATE_INFOPLIST_FILE = YES;
				INFOPLIST_FILE = "ActivityKit-Demo-WidgetExtension/Info.plist";
				INFOPLIST_KEY_CFBundleDisplayName = "ActivityKit-Demo-WidgetExtension";
				INFOPLIST_KEY_NSHumanReadableCopyright = "";
				LD_RUNPATH_SEARCH_PATHS = (
					"$(inherited)",
					"@executable_path/Frameworks",
					"@executable_path/../../Frameworks",
				);
				MARKETING_VERSION = 1.0;
				PRODUCT_BUNDLE_IDENTIFIER = "com.example.ActivityKit-Demo.ActivityKit-Demo-WidgetExtension";
				PRODUCT_NAME = "$(TARGET_NAME)";
				SKIP_INSTALL = YES;
				SWIFT_EMIT_LOC_STRINGS = YES;
				SWIFT_VERSION = 5.0;
				TARGETED_DEVICE_FAMILY = "1,2";
			};
			name = Debug;
		};
		F4D8787328E2F8F60015F3C7 /* Release */ = {
			isa = XCBuildConfiguration;
			buildSettings = {
				ASSETCATALOG_COMPILER_GLOBAL_ACCENT_COLOR_NAME = AccentColor;
				ASSETCATALOG_COMPILER_WIDGET_BACKGROUND_COLOR_NAME = WidgetBackground;
				CODE_SIGN_ENTITLEMENTS = "ActivityKit-Demo-WidgetExtensionExtension.entitlements";
				CODE_SIGN_STYLE = Automatic;
				CURRENT_PROJECT_VERSION = 1;
				DEVELOPMENT_TEAM = UQP7R3PBUL;
				GENERATE_INFOPLIST_FILE = YES;
				INFOPLIST_FILE = "ActivityKit-Demo-WidgetExtension/Info.plist";
				INFOPLIST_KEY_CFBundleDisplayName = "ActivityKit-Demo-WidgetExtension";
				INFOPLIST_KEY_NSHumanReadableCopyright = "";
				LD_RUNPATH_SEARCH_PATHS = (
					"$(inherited)",
					"@executable_path/Frameworks",
					"@executable_path/../../Frameworks",
				);
				MARKETING_VERSION = 1.0;
				PRODUCT_BUNDLE_IDENTIFIER = "com.example.ActivityKit-Demo.ActivityKit-Demo-WidgetExtension";
				PRODUCT_NAME = "$(TARGET_NAME)";
				SKIP_INSTALL = YES;
				SWIFT_EMIT_LOC_STRINGS = YES;
				SWIFT_VERSION = 5.0;
				TARGETED_DEVICE_FAMILY = "1,2";
			};
			name = Release;
		};
/* End XCBuildConfiguration section */

/* Begin XCConfigurationList section */
		F4D8784528E2F5AC0015F3C7 /* Build configuration list for PBXProject "ActivityKit-Demo" */ = {
			isa = XCConfigurationList;
			buildConfigurations = (
				F4D8785628E2F5AE0015F3C7 /* Debug */,
				F4D8785728E2F5AE0015F3C7 /* Release */,
			);
			defaultConfigurationIsVisible = 0;
			defaultConfigurationName = Release;
		};
		F4D8785828E2F5AE0015F3C7 /* Build configuration list for PBXNativeTarget "ActivityKit-Demo" */ = {
			isa = XCConfigurationList;
			buildConfigurations = (
				F4D8785928E2F5AE0015F3C7 /* Debug */,
				F4D8785A28E2F5AE0015F3C7 /* Release */,
			);
			defaultConfigurationIsVisible = 0;
			defaultConfigurationName = Release;
		};
		F4D8787128E2F8F60015F3C7 /* Build configuration list for PBXNativeTarget "ActivityKit-Demo-WidgetExtensionExtension" */ = {
			isa = XCConfigurationList;
			buildConfigurations = (
				F4D8787228E2F8F60015F3C7 /* Debug */,
				F4D8787328E2F8F60015F3C7 /* Release */,
			);
			defaultConfigurationIsVisible = 0;
			defaultConfigurationName = Release;
		};
/* End XCConfigurationList section */
	};
	rootObject = F4D8784228E2F5AC0015F3C7 /* Project object */;
}
